
Microsoft Visual Studio Solution File, Format Version 12.00
# Visual Studio Version 17
VisualStudioVersion = 17.3.32922.545
MinimumVisualStudioVersion = 10.0.40219.1
Project("{9A19103F-16F7-4668-BE54-9A1E7A4F7556}") = "DiaryConsoleApp1", "DiaryConsoleApp1\DiaryConsoleApp1.csproj", "{F5F44B2A-0FA8-45F3-8B9A-994C0EA191EA}"
EndProject
Project("{9A19103F-16F7-4668-BE54-9A1E7A4F7556}") = "DiaryConsoleApp1_Answer", "DiaryConsoleApp2\DiaryConsoleApp1_Answer.csproj", "{9706C63F-04E9-4AAE-A915-A1DF8BA98F62}"
EndProject
Global
	GlobalSection(SolutionConfigurationPlatforms) = preSolution
		Debug|Any CPU = Debug|Any CPU
		Release|Any CPU = Release|Any CPU
	EndGlobalSection
	GlobalSection(ProjectConfigurationPlatforms) = postSolution
		{F5F44B2A-0FA8-45F3-8B9A-994C0EA191EA}.Debug|Any CPU.ActiveCfg = Debug|Any CPU
		{F5F44B2A-0FA8-45F3-8B9A-994C0EA191EA}.Debug|Any CPU.Build.0 = Debug|Any CPU
		{F5F44B2A-0FA8-45F3-8B9A-994C0EA191EA}.Release|Any CPU.ActiveCfg = Release|Any CPU
		{F5F44B2A-0FA8-45F3-8B9A-994C0EA191EA}.Release|Any CPU.Build.0 = Release|Any CPU
		{9706C63F-04E9-4AAE-A915-A1DF8BA98F62}.Debug|Any CPU.ActiveCfg = Debug|Any CPU
		{9706C63F-04E9-4AAE-A915-A1DF8BA98F62}.Debug|Any CPU.Build.0 = Debug|Any CPU
		{9706C63F-04E9-4AAE-A915-A1DF8BA98F62}.Release|Any CPU.ActiveCfg = Release|Any CPU
		{9706C63F-04E9-4AAE-A915-A1DF8BA98F62}.Release|Any CPU.Build.0 = Release|Any CPU
	EndGlobalSection
	GlobalSection(SolutionProperties) = preSolution
		HideSolutionNode = FALSE
	EndGlobalSection
	GlobalSection(ExtensibilityGlobals) = postSolution
		SolutionGuid = {8C731418-BA87-4F98-BBCA-9A524B6D6393}
	EndGlobalSection
EndGlobal
